
Microsoft Visual Studio Solution File, Format Version 12.00
# Visual Studio Version 17
VisualStudioVersion = 17.0.31903.59
MinimumVisualStudioVersion = 10.0.40219.1
Project("{FAE04EC0-301F-11D3-BF4B-00C04F79EFBC}") = "Flow.Launcher.Plugin.Snippets", "Flow.Launcher.Plugin.Snippets\Flow.Launcher.Plugin.Snippets.csproj", "{048EBAFD-B599-47FC-93AA-44A84E0AB772}"
EndProject
Project("{FAE04EC0-301F-11D3-BF4B-00C04F79EFBC}") = "Flow.Launcher.Plugin.Snippets.Tests", "Flow.Launcher.Plugin.Snippets.Tests\Flow.Launcher.Plugin.Snippets.Tests.csproj", "{D25491BE-17F4-43D3-BE5C-BA4C71ADA754}"
EndProject
Global
	GlobalSection(SolutionConfigurationPlatforms) = preSolution
		Debug|Any CPU = Debug|Any CPU
		Debug|x64 = Debug|x64
		Debug|x86 = Debug|x86
		Release|Any CPU = Release|Any CPU
		Release|x64 = Release|x64
		Release|x86 = Release|x86
	EndGlobalSection
	GlobalSection(ProjectConfigurationPlatforms) = postSolution
		{048EBAFD-B599-47FC-93AA-44A84E0AB772}.Debug|Any CPU.ActiveCfg = Debug|Any CPU
		{048EBAFD-B599-47FC-93AA-44A84E0AB772}.Debug|Any CPU.Build.0 = Debug|Any CPU
		{048EBAFD-B599-47FC-93AA-44A84E0AB772}.Debug|x64.ActiveCfg = Debug|Any CPU
		{048EBAFD-B599-47FC-93AA-44A84E0AB772}.Debug|x64.Build.0 = Debug|Any CPU
		{048EBAFD-B599-47FC-93AA-44A84E0AB772}.Debug|x86.ActiveCfg = Debug|Any CPU
		{048EBAFD-B599-47FC-93AA-44A84E0AB772}.Debug|x86.Build.0 = Debug|Any CPU
		{048EBAFD-B599-47FC-93AA-44A84E0AB772}.Release|Any CPU.ActiveCfg = Release|Any CPU
		{048EBAFD-B599-47FC-93AA-44A84E0AB772}.Release|Any CPU.Build.0 = Release|Any CPU
		{048EBAFD-B599-47FC-93AA-44A84E0AB772}.Release|x64.ActiveCfg = Release|Any CPU
		{048EBAFD-B599-47FC-93AA-44A84E0AB772}.Release|x64.Build.0 = Release|Any CPU
		{048EBAFD-B599-47FC-93AA-44A84E0AB772}.Release|x86.ActiveCfg = Release|Any CPU
		{048EBAFD-B599-47FC-93AA-44A84E0AB772}.Release|x86.Build.0 = Release|Any CPU
		{D25491BE-17F4-43D3-BE5C-BA4C71ADA754}.Debug|Any CPU.ActiveCfg = Debug|Any CPU
		{D25491BE-17F4-43D3-BE5C-BA4C71ADA754}.Debug|Any CPU.Build.0 = Debug|Any CPU
		{D25491BE-17F4-43D3-BE5C-BA4C71ADA754}.Debug|x64.ActiveCfg = Debug|Any CPU
		{D25491BE-17F4-43D3-BE5C-BA4C71ADA754}.Debug|x64.Build.0 = Debug|Any CPU
		{D25491BE-17F4-43D3-BE5C-BA4C71ADA754}.Debug|x86.ActiveCfg = Debug|Any CPU
		{D25491BE-17F4-43D3-BE5C-BA4C71ADA754}.Debug|x86.Build.0 = Debug|Any CPU
		{D25491BE-17F4-43D3-BE5C-BA4C71ADA754}.Release|Any CPU.ActiveCfg = Release|Any CPU
		{D25491BE-17F4-43D3-BE5C-BA4C71ADA754}.Release|Any CPU.Build.0 = Release|Any CPU
		{D25491BE-17F4-43D3-BE5C-BA4C71ADA754}.Release|x64.ActiveCfg = Release|Any CPU
		{D25491BE-17F4-43D3-BE5C-BA4C71ADA754}.Release|x64.Build.0 = Release|Any CPU
		{D25491BE-17F4-43D3-BE5C-BA4C71ADA754}.Release|x86.ActiveCfg = Release|Any CPU
		{D25491BE-17F4-43D3-BE5C-BA4C71ADA754}.Release|x86.Build.0 = Release|Any CPU
	EndGlobalSection
	GlobalSection(SolutionProperties) = preSolution
		HideSolutionNode = FALSE
	EndGlobalSection
EndGlobal
